
Microsoft Visual Studio Solution File, Format Version 12.00
# Visual Studio 14
VisualStudioVersion = 14.0.23107.0
MinimumVisualStudioVersion = 10.0.40219.1
Project("{FAE04EC0-301F-11D3-BF4B-00C04F79EFBC}") = "Common88", "Common88\Common88.csproj", "{DED1EC7F-6A9C-4BA2-8739-2B0699AE89B8}"
EndProject
Project("{FAE04EC0-301F-11D3-BF4B-00C04F79EFBC}") = "Client88", "Client88\Client88.csproj", "{E65E4BE1-6B1C-4B3B-92D9-7CA5BFEC9AD0}"
EndProject
Project("{FAE04EC0-301F-11D3-BF4B-00C04F79EFBC}") = "Server88", "Server88\Server88.csproj", "{EEBE7FEF-9A75-4DF0-850F-36482D87DC33}"
EndProject
Project("{FAE04EC0-301F-11D3-BF4B-00C04F79EFBC}") = "ClientApp88", "ClientApp88\ClientApp88.csproj", "{15A43512-8FAE-4FA2-829E-F956FABBB274}"
EndProject
Project("{FAE04EC0-301F-11D3-BF4B-00C04F79EFBC}") = "ServerApp88", "ServerApp88\ServerApp88.csproj", "{23955097-CF02-43C5-B656-32F928703B52}"
EndProject
Global
	GlobalSection(SolutionConfigurationPlatforms) = preSolution
		Debug|Any CPU = Debug|Any CPU
		Debug|ARM = Debug|ARM
		Debug|x64 = Debug|x64
		Debug|x86 = Debug|x86
		Release|Any CPU = Release|Any CPU
		Release|ARM = Release|ARM
		Release|x64 = Release|x64
		Release|x86 = Release|x86
	EndGlobalSection
	GlobalSection(ProjectConfigurationPlatforms) = postSolution
		{DED1EC7F-6A9C-4BA2-8739-2B0699AE89B8}.Debug|Any CPU.ActiveCfg = Debug|Any CPU
		{DED1EC7F-6A9C-4BA2-8739-2B0699AE89B8}.Debug|Any CPU.Build.0 = Debug|Any CPU
		{DED1EC7F-6A9C-4BA2-8739-2B0699AE89B8}.Debug|ARM.ActiveCfg = Debug|ARM
		{DED1EC7F-6A9C-4BA2-8739-2B0699AE89B8}.Debug|ARM.Build.0 = Debug|ARM
		{DED1EC7F-6A9C-4BA2-8739-2B0699AE89B8}.Debug|x64.ActiveCfg = Debug|x64
		{DED1EC7F-6A9C-4BA2-8739-2B0699AE89B8}.Debug|x64.Build.0 = Debug|x64
		{DED1EC7F-6A9C-4BA2-8739-2B0699AE89B8}.Debug|x86.ActiveCfg = Debug|x86
		{DED1EC7F-6A9C-4BA2-8739-2B0699AE89B8}.Debug|x86.Build.0 = Debug|x86
		{DED1EC7F-6A9C-4BA2-8739-2B0699AE89B8}.Release|Any CPU.ActiveCfg = Release|Any CPU
		{DED1EC7F-6A9C-4BA2-8739-2B0699AE89B8}.Release|Any CPU.Build.0 = Release|Any CPU
		{DED1EC7F-6A9C-4BA2-8739-2B0699AE89B8}.Release|ARM.ActiveCfg = Release|ARM
		{DED1EC7F-6A9C-4BA2-8739-2B0699AE89B8}.Release|ARM.Build.0 = Release|ARM
		{DED1EC7F-6A9C-4BA2-8739-2B0699AE89B8}.Release|x64.ActiveCfg = Release|x64
		{DED1EC7F-6A9C-4BA2-8739-2B0699AE89B8}.Release|x64.Build.0 = Release|x64
		{DED1EC7F-6A9C-4BA2-8739-2B0699AE89B8}.Release|x86.ActiveCfg = Release|x86
		{DED1EC7F-6A9C-4BA2-8739-2B0699AE89B8}.Release|x86.Build.0 = Release|x86
		{E65E4BE1-6B1C-4B3B-92D9-7CA5BFEC9AD0}.Debug|Any CPU.ActiveCfg = Debug|Any CPU
		{E65E4BE1-6B1C-4B3B-92D9-7CA5BFEC9AD0}.Debug|Any CPU.Build.0 = Debug|Any CPU
		{E65E4BE1-6B1C-4B3B-92D9-7CA5BFEC9AD0}.Debug|ARM.ActiveCfg = Debug|ARM
		{E65E4BE1-6B1C-4B3B-92D9-7CA5BFEC9AD0}.Debug|ARM.Build.0 = Debug|ARM
		{E65E4BE1-6B1C-4B3B-92D9-7CA5BFEC9AD0}.Debug|x64.ActiveCfg = Debug|x64
		{E65E4BE1-6B1C-4B3B-92D9-7CA5BFEC9AD0}.Debug|x64.Build.0 = Debug|x64
		{E65E4BE1-6B1C-4B3B-92D9-7CA5BFEC9AD0}.Debug|x86.ActiveCfg = Debug|x86
		{E65E4BE1-6B1C-4B3B-92D9-7CA5BFEC9AD0}.Debug|x86.Build.0 = Debug|x86
		{E65E4BE1-6B1C-4B3B-92D9-7CA5BFEC9AD0}.Release|Any CPU.ActiveCfg = Release|Any CPU
		{E65E4BE1-6B1C-4B3B-92D9-7CA5BFEC9AD0}.Release|Any CPU.Build.0 = Release|Any CPU
		{E65E4BE1-6B1C-4B3B-92D9-7CA5BFEC9AD0}.Release|ARM.ActiveCfg = Release|ARM
		{E65E4BE1-6B1C-4B3B-92D9-7CA5BFEC9AD0}.Release|ARM.Build.0 = Release|ARM
		{E65E4BE1-6B1C-4B3B-92D9-7CA5BFEC9AD0}.Release|x64.ActiveCfg = Release|x64
		{E65E4BE1-6B1C-4B3B-92D9-7CA5BFEC9AD0}.Release|x64.Build.0 = Release|x64
		{E65E4BE1-6B1C-4B3B-92D9-7CA5BFEC9AD0}.Release|x86.ActiveCfg = Release|x86
		{E65E4BE1-6B1C-4B3B-92D9-7CA5BFEC9AD0}.Release|x86.Build.0 = Release|x86
		{EEBE7FEF-9A75-4DF0-850F-36482D87DC33}.Debug|Any CPU.ActiveCfg = Debug|Any CPU
		{EEBE7FEF-9A75-4DF0-850F-36482D87DC33}.Debug|Any CPU.Build.0 = Debug|Any CPU
		{EEBE7FEF-9A75-4DF0-850F-36482D87DC33}.Debug|ARM.ActiveCfg = Debug|ARM
		{EEBE7FEF-9A75-4DF0-850F-36482D87DC33}.Debug|ARM.Build.0 = Debug|ARM
		{EEBE7FEF-9A75-4DF0-850F-36482D87DC33}.Debug|x64.ActiveCfg = Debug|x64
		{EEBE7FEF-9A75-4DF0-850F-36482D87DC33}.Debug|x64.Build.0 = Debug|x64
		{EEBE7FEF-9A75-4DF0-850F-36482D87DC33}.Debug|x86.ActiveCfg = Debug|x86
		{EEBE7FEF-9A75-4DF0-850F-36482D87DC33}.Debug|x86.Build.0 = Debug|x86
		{EEBE7FEF-9A75-4DF0-850F-36482D87DC33}.Release|Any CPU.ActiveCfg = Release|Any CPU
		{EEBE7FEF-9A75-4DF0-850F-36482D87DC33}.Release|Any CPU.Build.0 = Release|Any CPU
		{EEBE7FEF-9A75-4DF0-850F-36482D87DC33}.Release|ARM.ActiveCfg = Release|ARM
		{EEBE7FEF-9A75-4DF0-850F-36482D87DC33}.Release|ARM.Build.0 = Release|ARM
		{EEBE7FEF-9A75-4DF0-850F-36482D87DC33}.Release|x64.ActiveCfg = Release|x64
		{EEBE7FEF-9A75-4DF0-850F-36482D87DC33}.Release|x64.Build.0 = Release|x64
		{EEBE7FEF-9A75-4DF0-850F-36482D87DC33}.Release|x86.ActiveCfg = Release|x86
		{EEBE7FEF-9A75-4DF0-850F-36482D87DC33}.Release|x86.Build.0 = Release|x86
		{15A43512-8FAE-4FA2-829E-F956FABBB274}.Debug|Any CPU.ActiveCfg = Debug|x86
		{15A43512-8FAE-4FA2-829E-F956FABBB274}.Debug|ARM.ActiveCfg = Debug|ARM
		{15A43512-8FAE-4FA2-829E-F956FABBB274}.Debug|ARM.Build.0 = Debug|ARM
		{15A43512-8FAE-4FA2-829E-F956FABBB274}.Debug|ARM.Deploy.0 = Debug|ARM
		{15A43512-8FAE-4FA2-829E-F956FABBB274}.Debug|x64.ActiveCfg = Debug|x64
		{15A43512-8FAE-4FA2-829E-F956FABBB274}.Debug|x64.Build.0 = Debug|x64
		{15A43512-8FAE-4FA2-829E-F956FABBB274}.Debug|x64.Deploy.0 = Debug|x64
		{15A43512-8FAE-4FA2-829E-F956FABBB274}.Debug|x86.ActiveCfg = Debug|x86
		{15A43512-8FAE-4FA2-829E-F956FABBB274}.Debug|x86.Build.0 = Debug|x86
		{15A43512-8FAE-4FA2-829E-F956FABBB274}.Debug|x86.Deploy.0 = Debug|x86
		{15A43512-8FAE-4FA2-829E-F956FABBB274}.Release|Any CPU.ActiveCfg = Release|x86
		{15A43512-8FAE-4FA2-829E-F956FABBB274}.Release|ARM.ActiveCfg = Release|ARM
		{15A43512-8FAE-4FA2-829E-F956FABBB274}.Release|ARM.Build.0 = Release|ARM
		{15A43512-8FAE-4FA2-829E-F956FABBB274}.Release|ARM.Deploy.0 = Release|ARM
		{15A43512-8FAE-4FA2-829E-F956FABBB274}.Release|x64.ActiveCfg = Release|x64
		{15A43512-8FAE-4FA2-829E-F956FABBB274}.Release|x64.Build.0 = Release|x64
		{15A43512-8FAE-4FA2-829E-F956FABBB274}.Release|x64.Deploy.0 = Release|x64
		{15A43512-8FAE-4FA2-829E-F956FABBB274}.Release|x86.ActiveCfg = Release|x86
		{15A43512-8FAE-4FA2-829E-F956FABBB274}.Release|x86.Build.0 = Release|x86
		{15A43512-8FAE-4FA2-829E-F956FABBB274}.Release|x86.Deploy.0 = Release|x86
		{23955097-CF02-43C5-B656-32F928703B52}.Debug|Any CPU.ActiveCfg = Debug|x86
		{23955097-CF02-43C5-B656-32F928703B52}.Debug|ARM.ActiveCfg = Debug|ARM
		{23955097-CF02-43C5-B656-32F928703B52}.Debug|ARM.Build.0 = Debug|ARM
		{23955097-CF02-43C5-B656-32F928703B52}.Debug|ARM.Deploy.0 = Debug|ARM
		{23955097-CF02-43C5-B656-32F928703B52}.Debug|x64.ActiveCfg = Debug|x64
		{23955097-CF02-43C5-B656-32F928703B52}.Debug|x64.Build.0 = Debug|x64
		{23955097-CF02-43C5-B656-32F928703B52}.Debug|x64.Deploy.0 = Debug|x64
		{23955097-CF02-43C5-B656-32F928703B52}.Debug|x86.ActiveCfg = Debug|x86
		{23955097-CF02-43C5-B656-32F928703B52}.Debug|x86.Build.0 = Debug|x86
		{23955097-CF02-43C5-B656-32F928703B52}.Debug|x86.Deploy.0 = Debug|x86
		{23955097-CF02-43C5-B656-32F928703B52}.Release|Any CPU.ActiveCfg = Release|x86
		{23955097-CF02-43C5-B656-32F928703B52}.Release|ARM.ActiveCfg = Release|ARM
		{23955097-CF02-43C5-B656-32F928703B52}.Release|ARM.Build.0 = Release|ARM
		{23955097-CF02-43C5-B656-32F928703B52}.Release|ARM.Deploy.0 = Release|ARM
		{23955097-CF02-43C5-B656-32F928703B52}.Release|x64.ActiveCfg = Release|x64
		{23955097-CF02-43C5-B656-32F928703B52}.Release|x64.Build.0 = Release|x64
		{23955097-CF02-43C5-B656-32F928703B52}.Release|x64.Deploy.0 = Release|x64
		{23955097-CF02-43C5-B656-32F928703B52}.Release|x86.ActiveCfg = Release|x86
		{23955097-CF02-43C5-B656-32F928703B52}.Release|x86.Build.0 = Release|x86
		{23955097-CF02-43C5-B656-32F928703B52}.Release|x86.Deploy.0 = Release|x86
	EndGlobalSection
	GlobalSection(SolutionProperties) = preSolution
		HideSolutionNode = FALSE
	EndGlobalSection
EndGlobal
